// !$*UTF8*$!
{
	archiveVersion = 1;
	classes = {
	};
	objectVersion = 77;
	objects = {

/* Begin PBXBuildFile section */
		1F94AC516E78097C49DDFAD8 /* VitaSSEClient.swift in Sources */ = {isa = PBXBuildFile; fileRef = FB06BA188D7C9513377C34EE /* VitaSSEClient.swift */; };
		2421932BBDC9005211B4CA96 /* DailyInsightViewModel.swift in Sources */ = {isa = PBXBuildFile; fileRef = EA5D775B403943FC9A21C87C /* DailyInsightViewModel.swift */; };
		264D82561BB01B7F6D138B79 /* HomeViewModel.swift in Sources */ = {isa = PBXBuildFile; fileRef = AFA77C00B641F7F9731F631E /* HomeViewModel.swift */; };
		29B3A807FBB640257B508A84 /* AuthView.swift in Sources */ = {isa = PBXBuildFile; fileRef = 01FA062C82A4AD8EAAB391A7 /* AuthView.swift */; };
		31FBC030D028A94CDDFFB01F /* APIClient.swift in Sources */ = {isa = PBXBuildFile; fileRef = BBC364DE130BF10D5BD26A68 /* APIClient.swift */; };
		3CD5BF5DEF2A011E9A310D94 /* HealthKitManager.swift in Sources */ = {isa = PBXBuildFile; fileRef = FE42AF6C9B00B3B8D316451B /* HealthKitManager.swift */; };
		08977BA5EBF6407C8D32A0F9 /* SleepViewModel.swift in Sources */ = {isa = PBXBuildFile; fileRef = 2812E02DFBC240208D0BD8B2 /* SleepViewModel.swift */; };
		11BDB80A22D747ABBF3AFB6E /* SleepView.swift in Sources */ = {isa = PBXBuildFile; fileRef = B2509DCF6523467F96E70557 /* SleepView.swift */; };
		E5CA17A90C0445D6AAF31CED /* ActivityViewModel.swift in Sources */ = {isa = PBXBuildFile; fileRef = 604FCD0BA2BB42979994E23E /* ActivityViewModel.swift */; };
		BDF4900EE6B446D28194E883 /* ActivityView.swift in Sources */ = {isa = PBXBuildFile; fileRef = D1AE0515AD224F5DA559553C /* ActivityView.swift */; };
		546928336F57440CB02909D4 /* NutritionViewModel.swift in Sources */ = {isa = PBXBuildFile; fileRef = FC2183B495694AF7A8638E42 /* NutritionViewModel.swift */; };
		8DF736CB892B4887A60AE038 /* NutritionView.swift in Sources */ = {isa = PBXBuildFile; fileRef = 21FE795C114B4D1CBC7B20CE /* NutritionView.swift */; };
		A5079EF2D74947AC9249BA6A /* EnergyHomeView.swift in Sources */ = {isa = PBXBuildFile; fileRef = 62C4C32B28694681B48B08F0 /* EnergyHomeView.swift */; };
		42AEA17F68DD1350A12F64FB /* FirstEncounterView.swift in Sources */ = {isa = PBXBuildFile; fileRef = 0C8E79124CCC5F577710E6BE /* FirstEncounterView.swift */; };
		4BCD52C23F6E76BAEB3398C5 /* TimelineView.swift in Sources */ = {isa = PBXBuildFile; fileRef = BBD220E309DBB0520E0D39AE /* TimelineView.swift */; };
		5895DAC5B12EC6146DA8C5E4 /* VitaTheme.swift in Sources */ = {isa = PBXBuildFile; fileRef = 181A207FA8D466942D37653E /* VitaTheme.swift */; };
		64D26476CBFC5A56C70ABC5B /* HomeView.swift in Sources */ = {isa = PBXBuildFile; fileRef = 5725B8BD34841645E05157B0 /* HomeView.swift */; };
		676C18E37DEA56A0E526F74C /* LifeStoryView.swift in Sources */ = {isa = PBXBuildFile; fileRef = 07929214826BD6A463905640 /* LifeStoryView.swift */; };
		691E6D7C7DFDEC463392A551 /* ChatView.swift in Sources */ = {isa = PBXBuildFile; fileRef = ED61E1FA9BE58DEF93ABC0B2 /* ChatView.swift */; };
		6D410C67F46DBD832677AC48 /* VitaThinkingView.swift in Sources */ = {isa = PBXBuildFile; fileRef = 2E707D61EF5029E5CFA662BB /* VitaThinkingView.swift */; };
		73BCFF2CD8327C7E854AAAB5 /* MorningCheckInView.swift in Sources */ = {isa = PBXBuildFile; fileRef = F8DFCA0EE382E90591DFA833 /* MorningCheckInView.swift */; };
		794A5FBB335B92A0A12BFE00 /* MorningCheckInViewModel.swift in Sources */ = {isa = PBXBuildFile; fileRef = 123ABD3E2B388DFD5CA6D9A8 /* MorningCheckInViewModel.swift */; };
		7960A461C0F4D89E073090B0 /* Assets.xcassets in Resources */ = {isa = PBXBuildFile; fileRef = 507C37D7720791012935501D /* Assets.xcassets */; };
		82BF423F162A9C6E67DF193C /* OnboardingViewModel.swift in Sources */ = {isa = PBXBuildFile; fileRef = 12825CE40629F3FF9196B5F8 /* OnboardingViewModel.swift */; };
		83DD88C537B1E551C10C16B8 /* ExplainabilitySheet.swift in Sources */ = {isa = PBXBuildFile; fileRef = E185305F9D7AF866744A05AA /* ExplainabilitySheet.swift */; };
		8C702D80AA01206EFCCD6D09 /* JournalViewModel.swift in Sources */ = {isa = PBXBuildFile; fileRef = 372B4B5E7E490C52C70CA92E /* JournalViewModel.swift */; };
		91AC5F2CEFFB95BC750C2506 /* DailyInsightView.swift in Sources */ = {isa = PBXBuildFile; fileRef = 2470749C2B60A60281A47E05 /* DailyInsightView.swift */; };
		96BCBBA536F818A6D86485E1 /* LifeStoryViewModel.swift in Sources */ = {isa = PBXBuildFile; fileRef = E194086D44A1B81174DF427B /* LifeStoryViewModel.swift */; };
		A5A4F93A47CF57898F1C026E /* ChatViewModel.swift in Sources */ = {isa = PBXBuildFile; fileRef = CA9B769B29929C2C4C128B22 /* ChatViewModel.swift */; };
		AB0B46F6E2C3EFAE58C8CD78 /* OnboardingView.swift in Sources */ = {isa = PBXBuildFile; fileRef = E580F3B22C6F19B7F3E4AAAF /* OnboardingView.swift */; };
		BAA7963769F1018E609884C7 /* WeeklyReflectionView.swift in Sources */ = {isa = PBXBuildFile; fileRef = C3A358D842475148BF0F2F45 /* WeeklyReflectionView.swift */; };
		C2D2614582EA03944647B09A /* TimelineViewModel.swift in Sources */ = {isa = PBXBuildFile; fileRef = 58E6A017826207757387793B /* TimelineViewModel.swift */; };
		D32002E0052139B058C42756 /* JournalView.swift in Sources */ = {isa = PBXBuildFile; fileRef = C465478F0C35F6C5C484AE89 /* JournalView.swift */; };
		D6C796AC271B2BD0D827AC37 /* ConversationalOnboardingViewModel.swift in Sources */ = {isa = PBXBuildFile; fileRef = F9ED01604AFEC6067B0D9BC5 /* ConversationalOnboardingViewModel.swift */; };
		E263C441BF4D4C6B54A1D1CC /* MemoryInspectorView.swift in Sources */ = {isa = PBXBuildFile; fileRef = 28FA2E43BE684406279971BB /* MemoryInspectorView.swift */; };
		E45C95BB9FD0A88912930E24 /* FirstEncounterViewModel.swift in Sources */ = {isa = PBXBuildFile; fileRef = E7364B3D4243A495CE0674AF /* FirstEncounterViewModel.swift */; };
		E7E56C872988CD7B10D50F65 /* VitaApp.swift in Sources */ = {isa = PBXBuildFile; fileRef = 9D10097BD2AC95442EA4DFB8 /* VitaApp.swift */; };
		E9697A6468C0BE799EE2882E /* ReflectionViewModel.swift in Sources */ = {isa = PBXBuildFile; fileRef = 15338CB6AECAEC67C5C1F4E9 /* ReflectionViewModel.swift */; };
		F9F180C6BA989D3E19558D31 /* ConversationalOnboardingView.swift in Sources */ = {isa = PBXBuildFile; fileRef = B0D78A1D1CD444950D3ABA35 /* ConversationalOnboardingView.swift */; };
/* End PBXBuildFile section */

/* Begin PBXFileReference section */
		01FA062C82A4AD8EAAB391A7 /* AuthView.swift */ = {isa = PBXFileReference; lastKnownFileType = sourcecode.swift; path = AuthView.swift; sourceTree = "<group>"; };
		07929214826BD6A463905640 /* LifeStoryView.swift */ = {isa = PBXFileReference; lastKnownFileType = sourcecode.swift; path = LifeStoryView.swift; sourceTree = "<group>"; };
		2812E02DFBC240208D0BD8B2 /* SleepViewModel.swift */ = {isa = PBXFileReference; lastKnownFileType = sourcecode.swift; path = SleepViewModel.swift; sourceTree = "<group>"; };
		B2509DCF6523467F96E70557 /* SleepView.swift */ = {isa = PBXFileReference; lastKnownFileType = sourcecode.swift; path = SleepView.swift; sourceTree = "<group>"; };
		604FCD0BA2BB42979994E23E /* ActivityViewModel.swift */ = {isa = PBXFileReference; lastKnownFileType = sourcecode.swift; path = ActivityViewModel.swift; sourceTree = "<group>"; };
		D1AE0515AD224F5DA559553C /* ActivityView.swift */ = {isa = PBXFileReference; lastKnownFileType = sourcecode.swift; path = ActivityView.swift; sourceTree = "<group>"; };
		FC2183B495694AF7A8638E42 /* NutritionViewModel.swift */ = {isa = PBXFileReference; lastKnownFileType = sourcecode.swift; path = NutritionViewModel.swift; sourceTree = "<group>"; };
		21FE795C114B4D1CBC7B20CE /* NutritionView.swift */ = {isa = PBXFileReference; lastKnownFileType = sourcecode.swift; path = NutritionView.swift; sourceTree = "<group>"; };
		62C4C32B28694681B48B08F0 /* EnergyHomeView.swift */ = {isa = PBXFileReference; lastKnownFileType = sourcecode.swift; path = EnergyHomeView.swift; sourceTree = "<group>"; };
		0C8E79124CCC5F577710E6BE /* FirstEncounterView.swift */ = {isa = PBXFileReference; lastKnownFileType = sourcecode.swift; path = FirstEncounterView.swift; sourceTree = "<group>"; };
		123ABD3E2B388DFD5CA6D9A8 /* MorningCheckInViewModel.swift */ = {isa = PBXFileReference; lastKnownFileType = sourcecode.swift; path = MorningCheckInViewModel.swift; sourceTree = "<group>"; };
		12825CE40629F3FF9196B5F8 /* OnboardingViewModel.swift */ = {isa = PBXFileReference; lastKnownFileType = sourcecode.swift; path = OnboardingViewModel.swift; sourceTree = "<group>"; };
		15338CB6AECAEC67C5C1F4E9 /* ReflectionViewModel.swift */ = {isa = PBXFileReference; lastKnownFileType = sourcecode.swift; path = ReflectionViewModel.swift; sourceTree = "<group>"; };
		181A207FA8D466942D37653E /* VitaTheme.swift */ = {isa = PBXFileReference; lastKnownFileType = sourcecode.swift; path = VitaTheme.swift; sourceTree = "<group>"; };
		2470749C2B60A60281A47E05 /* DailyInsightView.swift */ = {isa = PBXFileReference; lastKnownFileType = sourcecode.swift; path = DailyInsightView.swift; sourceTree = "<group>"; };
		28FA2E43BE684406279971BB /* MemoryInspectorView.swift */ = {isa = PBXFileReference; lastKnownFileType = sourcecode.swift; path = MemoryInspectorView.swift; sourceTree = "<group>"; };
		2E707D61EF5029E5CFA662BB /* VitaThinkingView.swift */ = {isa = PBXFileReference; lastKnownFileType = sourcecode.swift; path = VitaThinkingView.swift; sourceTree = "<group>"; };
		372B4B5E7E490C52C70CA92E /* JournalViewModel.swift */ = {isa = PBXFileReference; lastKnownFileType = sourcecode.swift; path = JournalViewModel.swift; sourceTree = "<group>"; };
		507C37D7720791012935501D /* Assets.xcassets */ = {isa = PBXFileReference; lastKnownFileType = folder.assetcatalog; path = Assets.xcassets; sourceTree = "<group>"; };
		5725B8BD34841645E05157B0 /* HomeView.swift */ = {isa = PBXFileReference; lastKnownFileType = sourcecode.swift; path = HomeView.swift; sourceTree = "<group>"; };
		58E6A017826207757387793B /* TimelineViewModel.swift */ = {isa = PBXFileReference; lastKnownFileType = sourcecode.swift; path = TimelineViewModel.swift; sourceTree = "<group>"; };
		5D9CB4DE2045301BEBF4C466 /* Vita.app */ = {isa = PBXFileReference; includeInIndex = 0; lastKnownFileType = wrapper.application; path = Vita.app; sourceTree = BUILT_PRODUCTS_DIR; };
		81FB74AB266109F09ED7EF4A /* Vita.entitlements */ = {isa = PBXFileReference; lastKnownFileType = text.plist.entitlements; path = Vita.entitlements; sourceTree = "<group>"; };
		9D10097BD2AC95442EA4DFB8 /* VitaApp.swift */ = {isa = PBXFileReference; lastKnownFileType = sourcecode.swift; path = VitaApp.swift; sourceTree = "<group>"; };
		AFA77C00B641F7F9731F631E /* HomeViewModel.swift */ = {isa = PBXFileReference; lastKnownFileType = sourcecode.swift; path = HomeViewModel.swift; sourceTree = "<group>"; };
		B0D78A1D1CD444950D3ABA35 /* ConversationalOnboardingView.swift */ = {isa = PBXFileReference; lastKnownFileType = sourcecode.swift; path = ConversationalOnboardingView.swift; sourceTree = "<group>"; };
		BBC364DE130BF10D5BD26A68 /* APIClient.swift */ = {isa = PBXFileReference; lastKnownFileType = sourcecode.swift; path = APIClient.swift; sourceTree = "<group>"; };
		BBD220E309DBB0520E0D39AE /* TimelineView.swift */ = {isa = PBXFileReference; lastKnownFileType = sourcecode.swift; path = TimelineView.swift; sourceTree = "<group>"; };
		C3A358D842475148BF0F2F45 /* WeeklyReflectionView.swift */ = {isa = PBXFileReference; lastKnownFileType = sourcecode.swift; path = WeeklyReflectionView.swift; sourceTree = "<group>"; };
		C465478F0C35F6C5C484AE89 /* JournalView.swift */ = {isa = PBXFileReference; lastKnownFileType = sourcecode.swift; path = JournalView.swift; sourceTree = "<group>"; };
		CA9B769B29929C2C4C128B22 /* ChatViewModel.swift */ = {isa = PBXFileReference; lastKnownFileType = sourcecode.swift; path = ChatViewModel.swift; sourceTree = "<group>"; };
		E185305F9D7AF866744A05AA /* ExplainabilitySheet.swift */ = {isa = PBXFileReference; lastKnownFileType = sourcecode.swift; path = ExplainabilitySheet.swift; sourceTree = "<group>"; };
		E194086D44A1B81174DF427B /* LifeStoryViewModel.swift */ = {isa = PBXFileReference; lastKnownFileType = sourcecode.swift; path = LifeStoryViewModel.swift; sourceTree = "<group>"; };
		E580F3B22C6F19B7F3E4AAAF /* OnboardingView.swift */ = {isa = PBXFileReference; lastKnownFileType = sourcecode.swift; path = OnboardingView.swift; sourceTree = "<group>"; };
		E7364B3D4243A495CE0674AF /* FirstEncounterViewModel.swift */ = {isa = PBXFileReference; lastKnownFileType = sourcecode.swift; path = FirstEncounterViewModel.swift; sourceTree = "<group>"; };
		EA5D775B403943FC9A21C87C /* DailyInsightViewModel.swift */ = {isa = PBXFileReference; lastKnownFileType = sourcecode.swift; path = DailyInsightViewModel.swift; sourceTree = "<group>"; };
		ED61E1FA9BE58DEF93ABC0B2 /* ChatView.swift */ = {isa = PBXFileReference; lastKnownFileType = sourcecode.swift; path = ChatView.swift; sourceTree = "<group>"; };
		F7A8F071818DB110F6CEC267 /* Info.plist */ = {isa = PBXFileReference; lastKnownFileType = text.plist; path = Info.plist; sourceTree = "<group>"; };
		F8DFCA0EE382E90591DFA833 /* MorningCheckInView.swift */ = {isa = PBXFileReference; lastKnownFileType = sourcecode.swift; path = MorningCheckInView.swift; sourceTree = "<group>"; };
		F9ED01604AFEC6067B0D9BC5 /* ConversationalOnboardingViewModel.swift */ = {isa = PBXFileReference; lastKnownFileType = sourcecode.swift; path = ConversationalOnboardingViewModel.swift; sourceTree = "<group>"; };
		FB06BA188D7C9513377C34EE /* VitaSSEClient.swift */ = {isa = PBXFileReference; lastKnownFileType = sourcecode.swift; path = VitaSSEClient.swift; sourceTree = "<group>"; };
		FE42AF6C9B00B3B8D316451B /* HealthKitManager.swift */ = {isa = PBXFileReference; lastKnownFileType = sourcecode.swift; path = HealthKitManager.swift; sourceTree = "<group>"; };
/* End PBXFileReference section */

/* Begin PBXGroup section */
		1C5301792BA26AC9357F4185 /* Debug */ = {
			isa = PBXGroup;
			children = (
				28FA2E43BE684406279971BB /* MemoryInspectorView.swift */,
			);
			path = Debug;
			sourceTree = "<group>";
		};
		437C29D9839313880FC2C6A5 /* HealthKit */ = {
			isa = PBXGroup;
			children = (
				FE42AF6C9B00B3B8D316451B /* HealthKitManager.swift */,
			);
			path = HealthKit;
			sourceTree = "<group>";
		};
		4EEE079DE01DC96BE49EF252 = {
			isa = PBXGroup;
			children = (
				B1F436C93553F739BC96D961 /* Vita */,
				6204DBEBF53789D5A4A1032A /* Products */,
			);
			sourceTree = "<group>";
		};
		58ED6B1BC0B102CE1E6FBD66 /* Reflection */ = {
			isa = PBXGroup;
			children = (
				15338CB6AECAEC67C5C1F4E9 /* ReflectionViewModel.swift */,
				C3A358D842475148BF0F2F45 /* WeeklyReflectionView.swift */,
			);
			path = Reflection;
			sourceTree = "<group>";
		};
		6204DBEBF53789D5A4A1032A /* Products */ = {
			isa = PBXGroup;
			children = (
				5D9CB4DE2045301BEBF4C466 /* Vita.app */,
			);
			name = Products;
			sourceTree = "<group>";
		};
		6ECA9AD4A02A719EEA006959 /* CheckIn */ = {
			isa = PBXGroup;
			children = (
				F8DFCA0EE382E90591DFA833 /* MorningCheckInView.swift */,
				123ABD3E2B388DFD5CA6D9A8 /* MorningCheckInViewModel.swift */,
				2E707D61EF5029E5CFA662BB /* VitaThinkingView.swift */,
			);
			path = CheckIn;
			sourceTree = "<group>";
		};
		72EE5E42240F5588CAEBE14F /* Onboarding */ = {
			isa = PBXGroup;
			children = (
				B0D78A1D1CD444950D3ABA35 /* ConversationalOnboardingView.swift */,
				F9ED01604AFEC6067B0D9BC5 /* ConversationalOnboardingViewModel.swift */,
				E580F3B22C6F19B7F3E4AAAF /* OnboardingView.swift */,
				12825CE40629F3FF9196B5F8 /* OnboardingViewModel.swift */,
			);
			path = Onboarding;
			sourceTree = "<group>";
		};
		852F2E5ED3CEF0AD36FBF466 /* Journal */ = {
			isa = PBXGroup;
			children = (
				C465478F0C35F6C5C484AE89 /* JournalView.swift */,
				372B4B5E7E490C52C70CA92E /* JournalViewModel.swift */,
			);
			path = Journal;
			sourceTree = "<group>";
		};
		891C059C263033591E66C8E9 /* LifeStory */ = {
			isa = PBXGroup;
			children = (
				07929214826BD6A463905640 /* LifeStoryView.swift */,
				E194086D44A1B81174DF427B /* LifeStoryViewModel.swift */,
			);
			path = LifeStory;
			sourceTree = "<group>";
		};
		941A6F7221D3D7DAFD0E86A2 /* Network */ = {
			isa = PBXGroup;
			children = (
				BBC364DE130BF10D5BD26A68 /* APIClient.swift */,
				FB06BA188D7C9513377C34EE /* VitaSSEClient.swift */,
			);
			path = Network;
			sourceTree = "<group>";
		};
		B1F436C93553F739BC96D961 /* Vita */ = {
			isa = PBXGroup;
			children = (
				507C37D7720791012935501D /* Assets.xcassets */,
				F7A8F071818DB110F6CEC267 /* Info.plist */,
				81FB74AB266109F09ED7EF4A /* Vita.entitlements */,
				9D10097BD2AC95442EA4DFB8 /* VitaApp.swift */,
				EBDE01248AE548CEC3A45F55 /* Core */,
				D269E2D68A8EB4BD42893ADA /* DesignSystem */,
				CEC8DB21BCF0E8C8CEEB97D5 /* Features */,
			);
			path = Vita;
			sourceTree = "<group>";
		};
		B46F4C27C8A044BFC51F5426 /* Auth */ = {
			isa = PBXGroup;
			children = (
				01FA062C82A4AD8EAAB391A7 /* AuthView.swift */,
			);
			path = Auth;
			sourceTree = "<group>";
		};
		B8823ECEB32A9BE75349AA21 /* FirstEncounter */ = {
			isa = PBXGroup;
			children = (
				0C8E79124CCC5F577710E6BE /* FirstEncounterView.swift */,
				E7364B3D4243A495CE0674AF /* FirstEncounterViewModel.swift */,
			);
			path = FirstEncounter;
			sourceTree = "<group>";
		};
		BB54AEC29F42155B6CE356AE /* DailyInsight */ = {
			isa = PBXGroup;
			children = (
				2470749C2B60A60281A47E05 /* DailyInsightView.swift */,
				EA5D775B403943FC9A21C87C /* DailyInsightViewModel.swift */,
			);
			path = DailyInsight;
			sourceTree = "<group>";
		};
		CD4E5EF7CEBB20F4991138C6 /* Chat */ = {
			isa = PBXGroup;
			children = (
				ED61E1FA9BE58DEF93ABC0B2 /* ChatView.swift */,
				CA9B769B29929C2C4C128B22 /* ChatViewModel.swift */,
				E185305F9D7AF866744A05AA /* ExplainabilitySheet.swift */,
			);
			path = Chat;
			sourceTree = "<group>";
		};
		CEC8DB21BCF0E8C8CEEB97D5 /* Features */ = {
			isa = PBXGroup;
			children = (
				0C877AC030E141FFABA48358 /* Sleep */,
				E90B5032D6724874B095BBE9 /* Activity */,
				4B78D45E81114D8AB54CFA22 /* Nutrition */,
				55DA594108AC4AC6ACEE27FB /* Energy */,
				B46F4C27C8A044BFC51F5426 /* Auth */,
				CD4E5EF7CEBB20F4991138C6 /* Chat */,
				6ECA9AD4A02A719EEA006959 /* CheckIn */,
				BB54AEC29F42155B6CE356AE /* DailyInsight */,
				E015F5FA26794926A7AD05D1 /* Dashboard */,
				1C5301792BA26AC9357F4185 /* Debug */,
				B8823ECEB32A9BE75349AA21 /* FirstEncounter */,
				852F2E5ED3CEF0AD36FBF466 /* Journal */,
				891C059C263033591E66C8E9 /* LifeStory */,
				72EE5E42240F5588CAEBE14F /* Onboarding */,
				58ED6B1BC0B102CE1E6FBD66 /* Reflection */,
				F9536342B65D3D55F038226E /* Timeline */,
			);
			path = Features;
			sourceTree = "<group>";
		};
		D269E2D68A8EB4BD42893ADA /* DesignSystem */ = {
			isa = PBXGroup;
			children = (
				181A207FA8D466942D37653E /* VitaTheme.swift */,
			);
			path = DesignSystem;
			sourceTree = "<group>";
		};
		E015F5FA26794926A7AD05D1 /* Dashboard */ = {
			isa = PBXGroup;
			children = (
				5725B8BD34841645E05157B0 /* HomeView.swift */,
				AFA77C00B641F7F9731F631E /* HomeViewModel.swift */,
			);
			path = Dashboard;
			sourceTree = "<group>";
		};
		EBDE01248AE548CEC3A45F55 /* Core */ = {
			isa = PBXGroup;
			children = (
				437C29D9839313880FC2C6A5 /* HealthKit */,
				941A6F7221D3D7DAFD0E86A2 /* Network */,
			);
			path = Core;
			sourceTree = "<group>";
		};
		F9536342B65D3D55F038226E /* Timeline */ = {
			isa = PBXGroup;
			children = (
				BBD220E309DBB0520E0D39AE /* TimelineView.swift */,
				58E6A017826207757387793B /* TimelineViewModel.swift */,
			);
			path = Timeline;
			sourceTree = "<group>";
		};
		0C877AC030E141FFABA48358 /* Sleep */ = {
			isa = PBXGroup;
			children = (
				2812E02DFBC240208D0BD8B2 /* SleepViewModel.swift */,
				B2509DCF6523467F96E70557 /* SleepView.swift */,
			);
			path = Sleep;
			sourceTree = "<group>";
		};
		E90B5032D6724874B095BBE9 /* Activity */ = {
			isa = PBXGroup;
			children = (
				604FCD0BA2BB42979994E23E /* ActivityViewModel.swift */,
				D1AE0515AD224F5DA559553C /* ActivityView.swift */,
			);
			path = Activity;
			sourceTree = "<group>";
		};
		4B78D45E81114D8AB54CFA22 /* Nutrition */ = {
			isa = PBXGroup;
			children = (
				FC2183B495694AF7A8638E42 /* NutritionViewModel.swift */,
				21FE795C114B4D1CBC7B20CE /* NutritionView.swift */,
			);
			path = Nutrition;
			sourceTree = "<group>";
		};
		55DA594108AC4AC6ACEE27FB /* Energy */ = {
			isa = PBXGroup;
			children = (
				62C4C32B28694681B48B08F0 /* EnergyHomeView.swift */,
			);
			path = Energy;
			sourceTree = "<group>";
		};
/* End PBXGroup section */

/* Begin PBXNativeTarget section */
		BFA1D49EE4F57CEBC9F0A793 /* Vita */ = {
			isa = PBXNativeTarget;
			buildConfigurationList = 88EFA83A7E2E8334A5BFFBA9 /* Build configuration list for PBXNativeTarget "Vita" */;
			buildPhases = (
				584F9EE95DB7ABB70CC2578D /* Sources */,
				ED557130D982A9565A78EFE5 /* Resources */,
			);
			buildRules = (
			);
			dependencies = (
			);
			name = Vita;
			packageProductDependencies = (
			);
			productName = Vita;
			productReference = 5D9CB4DE2045301BEBF4C466 /* Vita.app */;
			productType = "com.apple.product-type.application";
		};
/* End PBXNativeTarget section */

/* Begin PBXProject section */
		B7222326E306A54325532463 /* Project object */ = {
			isa = PBXProject;
			attributes = {
				BuildIndependentTargetsInParallel = YES;
				LastUpgradeCheck = 1540;
				TargetAttributes = {
					BFA1D49EE4F57CEBC9F0A793 = {
						DevelopmentTeam = "";
						ProvisioningStyle = Automatic;
					};
				};
			};
			buildConfigurationList = 9584184AAC888103D861E8AF /* Build configuration list for PBXProject "Vita" */;
			developmentRegion = fr;
			hasScannedForEncodings = 0;
			knownRegions = (
				Base,
				fr,
			);
			mainGroup = 4EEE079DE01DC96BE49EF252;
			minimizedProjectReferenceProxies = 1;
			preferredProjectObjectVersion = 77;
			productRefGroup = 6204DBEBF53789D5A4A1032A /* Products */;
			projectDirPath = "";
			projectRoot = "";
			targets = (
				BFA1D49EE4F57CEBC9F0A793 /* Vita */,
			);
		};
/* End PBXProject section */

/* Begin PBXResourcesBuildPhase section */
		ED557130D982A9565A78EFE5 /* Resources */ = {
			isa = PBXResourcesBuildPhase;
			buildActionMask = 2147483647;
			files = (
				7960A461C0F4D89E073090B0 /* Assets.xcassets in Resources */,
			);
			runOnlyForDeploymentPostprocessing = 0;
		};
/* End PBXResourcesBuildPhase section */

/* Begin PBXSourcesBuildPhase section */
		584F9EE95DB7ABB70CC2578D /* Sources */ = {
			isa = PBXSourcesBuildPhase;
			buildActionMask = 2147483647;
			files = (
				31FBC030D028A94CDDFFB01F /* APIClient.swift in Sources */,
				29B3A807FBB640257B508A84 /* AuthView.swift in Sources */,
				691E6D7C7DFDEC463392A551 /* ChatView.swift in Sources */,
				A5A4F93A47CF57898F1C026E /* ChatViewModel.swift in Sources */,
				F9F180C6BA989D3E19558D31 /* ConversationalOnboardingView.swift in Sources */,
				D6C796AC271B2BD0D827AC37 /* ConversationalOnboardingViewModel.swift in Sources */,
				91AC5F2CEFFB95BC750C2506 /* DailyInsightView.swift in Sources */,
				2421932BBDC9005211B4CA96 /* DailyInsightViewModel.swift in Sources */,
				83DD88C537B1E551C10C16B8 /* ExplainabilitySheet.swift in Sources */,
				08977BA5EBF6407C8D32A0F9 /* SleepViewModel.swift in Sources */,
				11BDB80A22D747ABBF3AFB6E /* SleepView.swift in Sources */,
				E5CA17A90C0445D6AAF31CED /* ActivityViewModel.swift in Sources */,
				BDF4900EE6B446D28194E883 /* ActivityView.swift in Sources */,
				546928336F57440CB02909D4 /* NutritionViewModel.swift in Sources */,
				8DF736CB892B4887A60AE038 /* NutritionView.swift in Sources */,
				A5079EF2D74947AC9249BA6A /* EnergyHomeView.swift in Sources */,
				42AEA17F68DD1350A12F64FB /* FirstEncounterView.swift in Sources */,
				E45C95BB9FD0A88912930E24 /* FirstEncounterViewModel.swift in Sources */,
				3CD5BF5DEF2A011E9A310D94 /* HealthKitManager.swift in Sources */,
				64D26476CBFC5A56C70ABC5B /* HomeView.swift in Sources */,
				264D82561BB01B7F6D138B79 /* HomeViewModel.swift in Sources */,
				D32002E0052139B058C42756 /* JournalView.swift in Sources */,
				8C702D80AA01206EFCCD6D09 /* JournalViewModel.swift in Sources */,
				676C18E37DEA56A0E526F74C /* LifeStoryView.swift in Sources */,
				96BCBBA536F818A6D86485E1 /* LifeStoryViewModel.swift in Sources */,
				E263C441BF4D4C6B54A1D1CC /* MemoryInspectorView.swift in Sources */,
				73BCFF2CD8327C7E854AAAB5 /* MorningCheckInView.swift in Sources */,
				794A5FBB335B92A0A12BFE00 /* MorningCheckInViewModel.swift in Sources */,
				AB0B46F6E2C3EFAE58C8CD78 /* OnboardingView.swift in Sources */,
				82BF423F162A9C6E67DF193C /* OnboardingViewModel.swift in Sources */,
				E9697A6468C0BE799EE2882E /* ReflectionViewModel.swift in Sources */,
				4BCD52C23F6E76BAEB3398C5 /* TimelineView.swift in Sources */,
				C2D2614582EA03944647B09A /* TimelineViewModel.swift in Sources */,
				E7E56C872988CD7B10D50F65 /* VitaApp.swift in Sources */,
				1F94AC516E78097C49DDFAD8 /* VitaSSEClient.swift in Sources */,
				5895DAC5B12EC6146DA8C5E4 /* VitaTheme.swift in Sources */,
				6D410C67F46DBD832677AC48 /* VitaThinkingView.swift in Sources */,
				BAA7963769F1018E609884C7 /* WeeklyReflectionView.swift in Sources */,
			);
			runOnlyForDeploymentPostprocessing = 0;
		};
/* End PBXSourcesBuildPhase section */

/* Begin XCBuildConfiguration section */
		3DC81BCAF82B52D272983553 /* Debug */ = {
			isa = XCBuildConfiguration;
			buildSettings = {
				ASSETCATALOG_COMPILER_APPICON_NAME = AppIcon;
				ASSETCATALOG_COMPILER_GLOBAL_ACCENT_COLOR_NAME = Accent;
				CODE_SIGN_ENTITLEMENTS = Vita/Vita.entitlements;
				CODE_SIGN_IDENTITY = "iPhone Developer";
				CODE_SIGN_STYLE = Automatic;
				DEVELOPMENT_TEAM = "";
				INFOPLIST_FILE = Vita/Info.plist;
				LD_RUNPATH_SEARCH_PATHS = (
					"$(inherited)",
					"@executable_path/Frameworks",
				);
				PRODUCT_BUNDLE_IDENTIFIER = com.vita.app;
				SDKROOT = iphoneos;
				SWIFT_ACTIVE_COMPILATION_CONDITIONS = DEBUG;
				TARGETED_DEVICE_FAMILY = 1;
			};
			name = Debug;
		};
		B03648FF2DC04168C429DD95 /* Release */ = {
			isa = XCBuildConfiguration;
			buildSettings = {
				ASSETCATALOG_COMPILER_APPICON_NAME = AppIcon;
				ASSETCATALOG_COMPILER_GLOBAL_ACCENT_COLOR_NAME = Accent;
				CODE_SIGN_ENTITLEMENTS = Vita/Vita.entitlements;
				CODE_SIGN_IDENTITY = "iPhone Developer";
				CODE_SIGN_STYLE = Automatic;
				DEVELOPMENT_TEAM = "";
				INFOPLIST_FILE = Vita/Info.plist;
				LD_RUNPATH_SEARCH_PATHS = (
					"$(inherited)",
					"@executable_path/Frameworks",
				);
				PRODUCT_BUNDLE_IDENTIFIER = com.vita.app;
				SDKROOT = iphoneos;
				SWIFT_ACTIVE_COMPILATION_CONDITIONS = "";
				TARGETED_DEVICE_FAMILY = 1;
			};
			name = Release;
		};
		C834645F87440E662AB00C7E /* Debug */ = {
			isa = XCBuildConfiguration;
			buildSettings = {
				ALWAYS_EMBED_SWIFT_STANDARD_LIBRARIES = YES;
				ALWAYS_SEARCH_USER_PATHS = NO;
				CLANG_ANALYZER_NONNULL = YES;
				CLANG_ANALYZER_NUMBER_OBJECT_CONVERSION = YES_AGGRESSIVE;
				CLANG_CXX_LANGUAGE_STANDARD = "gnu++14";
				CLANG_CXX_LIBRARY = "libc++";
				CLANG_ENABLE_MODULES = YES;
				CLANG_ENABLE_OBJC_ARC = YES;
				CLANG_ENABLE_OBJC_WEAK = YES;
				CLANG_WARN_BLOCK_CAPTURE_AUTORELEASING = YES;
				CLANG_WARN_BOOL_CONVERSION = YES;
				CLANG_WARN_COMMA = YES;
				CLANG_WARN_CONSTANT_CONVERSION = YES;
				CLANG_WARN_DEPRECATED_OBJC_IMPLEMENTATIONS = YES;
				CLANG_WARN_DIRECT_OBJC_ISA_USAGE = YES_ERROR;
				CLANG_WARN_DOCUMENTATION_COMMENTS = YES;
				CLANG_WARN_EMPTY_BODY = YES;
				CLANG_WARN_ENUM_CONVERSION = YES;
				CLANG_WARN_INFINITE_RECURSION = YES;
				CLANG_WARN_INT_CONVERSION = YES;
				CLANG_WARN_NON_LITERAL_NULL_CONVERSION = YES;
				CLANG_WARN_OBJC_IMPLICIT_RETAIN_SELF = YES;
				CLANG_WARN_OBJC_LITERAL_CONVERSION = YES;
				CLANG_WARN_OBJC_ROOT_CLASS = YES_ERROR;
				CLANG_WARN_QUOTED_INCLUDE_IN_FRAMEWORK_HEADER = YES;
				CLANG_WARN_RANGE_LOOP_ANALYSIS = YES;
				CLANG_WARN_STRICT_PROTOTYPES = YES;
				CLANG_WARN_SUSPICIOUS_MOVE = YES;
				CLANG_WARN_UNGUARDED_AVAILABILITY = YES_AGGRESSIVE;
				CLANG_WARN_UNREACHABLE_CODE = YES;
				CLANG_WARN__DUPLICATE_METHOD_MATCH = YES;
				COPY_PHASE_STRIP = NO;
				DEBUG_INFORMATION_FORMAT = "dwarf-with-dsym";
				ENABLE_BITCODE = NO;
				ENABLE_STRICT_OBJC_MSGSEND = YES;
				ENABLE_TESTABILITY = YES;
				GCC_C_LANGUAGE_STANDARD = gnu11;
				GCC_DYNAMIC_NO_PIC = NO;
				GCC_NO_COMMON_BLOCKS = YES;
				GCC_OPTIMIZATION_LEVEL = 0;
				GCC_PREPROCESSOR_DEFINITIONS = (
					"$(inherited)",
					"DEBUG=1",
				);
				GCC_WARN_64_TO_32_BIT_CONVERSION = YES;
				GCC_WARN_ABOUT_RETURN_TYPE = YES_ERROR;
				GCC_WARN_UNDECLARED_SELECTOR = YES;
				GCC_WARN_UNINITIALIZED_AUTOS = YES_AGGRESSIVE;
				GCC_WARN_UNUSED_FUNCTION = YES;
				GCC_WARN_UNUSED_VARIABLE = YES;
				IPHONEOS_DEPLOYMENT_TARGET = 17.0;
				MTL_ENABLE_DEBUG_INFO = INCLUDE_SOURCE;
				MTL_FAST_MATH = YES;
				ONLY_ACTIVE_ARCH = YES;
				PRODUCT_NAME = "$(TARGET_NAME)";
				SDKROOT = iphoneos;
				SWIFT_ACTIVE_COMPILATION_CONDITIONS = DEBUG;
				SWIFT_OPTIMIZATION_LEVEL = "-Onone";
				SWIFT_VERSION = 5.9;
			};
			name = Debug;
		};
		EC9C1E40D933BAEF0DD10FBA /* Release */ = {
			isa = XCBuildConfiguration;
			buildSettings = {
				ALWAYS_EMBED_SWIFT_STANDARD_LIBRARIES = YES;
				ALWAYS_SEARCH_USER_PATHS = NO;
				CLANG_ANALYZER_NONNULL = YES;
				CLANG_ANALYZER_NUMBER_OBJECT_CONVERSION = YES_AGGRESSIVE;
				CLANG_CXX_LANGUAGE_STANDARD = "gnu++14";
				CLANG_CXX_LIBRARY = "libc++";
				CLANG_ENABLE_MODULES = YES;
				CLANG_ENABLE_OBJC_ARC = YES;
				CLANG_ENABLE_OBJC_WEAK = YES;
				CLANG_WARN_BLOCK_CAPTURE_AUTORELEASING = YES;
				CLANG_WARN_BOOL_CONVERSION = YES;
				CLANG_WARN_COMMA = YES;
				CLANG_WARN_CONSTANT_CONVERSION = YES;
				CLANG_WARN_DEPRECATED_OBJC_IMPLEMENTATIONS = YES;
				CLANG_WARN_DIRECT_OBJC_ISA_USAGE = YES_ERROR;
				CLANG_WARN_DOCUMENTATION_COMMENTS = YES;
				CLANG_WARN_EMPTY_BODY = YES;
				CLANG_WARN_ENUM_CONVERSION = YES;
				CLANG_WARN_INFINITE_RECURSION = YES;
				CLANG_WARN_INT_CONVERSION = YES;
				CLANG_WARN_NON_LITERAL_NULL_CONVERSION = YES;
				CLANG_WARN_OBJC_IMPLICIT_RETAIN_SELF = YES;
				CLANG_WARN_OBJC_LITERAL_CONVERSION = YES;
				CLANG_WARN_OBJC_ROOT_CLASS = YES_ERROR;
				CLANG_WARN_QUOTED_INCLUDE_IN_FRAMEWORK_HEADER = YES;
				CLANG_WARN_RANGE_LOOP_ANALYSIS = YES;
				CLANG_WARN_STRICT_PROTOTYPES = YES;
				CLANG_WARN_SUSPICIOUS_MOVE = YES;
				CLANG_WARN_UNGUARDED_AVAILABILITY = YES_AGGRESSIVE;
				CLANG_WARN_UNREACHABLE_CODE = YES;
				CLANG_WARN__DUPLICATE_METHOD_MATCH = YES;
				COPY_PHASE_STRIP = NO;
				DEBUG_INFORMATION_FORMAT = "dwarf-with-dsym";
				ENABLE_BITCODE = NO;
				ENABLE_NS_ASSERTIONS = NO;
				ENABLE_STRICT_OBJC_MSGSEND = YES;
				GCC_C_LANGUAGE_STANDARD = gnu11;
				GCC_NO_COMMON_BLOCKS = YES;
				GCC_WARN_64_TO_32_BIT_CONVERSION = YES;
				GCC_WARN_ABOUT_RETURN_TYPE = YES_ERROR;
				GCC_WARN_UNDECLARED_SELECTOR = YES;
				GCC_WARN_UNINITIALIZED_AUTOS = YES_AGGRESSIVE;
				GCC_WARN_UNUSED_FUNCTION = YES;
				GCC_WARN_UNUSED_VARIABLE = YES;
				IPHONEOS_DEPLOYMENT_TARGET = 17.0;
				MTL_ENABLE_DEBUG_INFO = NO;
				MTL_FAST_MATH = YES;
				PRODUCT_NAME = "$(TARGET_NAME)";
				SDKROOT = iphoneos;
				SWIFT_COMPILATION_MODE = wholemodule;
				SWIFT_OPTIMIZATION_LEVEL = "-O";
				SWIFT_VERSION = 5.9;
			};
			name = Release;
		};
/* End XCBuildConfiguration section */

/* Begin XCConfigurationList section */
		88EFA83A7E2E8334A5BFFBA9 /* Build configuration list for PBXNativeTarget "Vita" */ = {
			isa = XCConfigurationList;
			buildConfigurations = (
				3DC81BCAF82B52D272983553 /* Debug */,
				B03648FF2DC04168C429DD95 /* Release */,
			);
			defaultConfigurationIsVisible = 0;
			defaultConfigurationName = Debug;
		};
		9584184AAC888103D861E8AF /* Build configuration list for PBXProject "Vita" */ = {
			isa = XCConfigurationList;
			buildConfigurations = (
				C834645F87440E662AB00C7E /* Debug */,
				EC9C1E40D933BAEF0DD10FBA /* Release */,
			);
			defaultConfigurationIsVisible = 0;
			defaultConfigurationName = Debug;
		};
/* End XCConfigurationList section */
	};
	rootObject = B7222326E306A54325532463 /* Project object */;
}
